
Microsoft Visual Studio Solution File, Format Version 12.00
# Visual Studio 14
VisualStudioVersion = 14.0.25420.1
MinimumVisualStudioVersion = 10.0.40219.1
Project("{FAE04EC0-301F-11D3-BF4B-00C04F79EFBC}") = "HelloWorld", "HelloWorld\HelloWorld\HelloWorld.csproj", "{CF25E8FD-C77B-4FA6-B0D7-105F1F3A16D2}"
EndProject
Project("{FAE04EC0-301F-11D3-BF4B-00C04F79EFBC}") = "HelloWorld.Droid", "HelloWorld\HelloWorld.Droid\HelloWorld.Droid.csproj", "{49F9B40E-57D2-4133-9A7B-031B5D4033B1}"
EndProject
Project("{FAE04EC0-301F-11D3-BF4B-00C04F79EFBC}") = "HelloWorld.iOS", "HelloWorld\HelloWorld.iOS\HelloWorld.iOS.csproj", "{9CD135ED-48C0-4B83-8315-B8715D6AD38D}"
EndProject
Project("{FAE04EC0-301F-11D3-BF4B-00C04F79EFBC}") = "HelloWorld.WinPhone", "HelloWorld\HelloWorld.WinPhone\HelloWorld.WinPhone.csproj", "{82120903-7F23-43F7-B2CB-F3A189A82FC8}"
EndProject
Project("{FAE04EC0-301F-11D3-BF4B-00C04F79EFBC}") = "HelloWorld.UWP", "HelloWorld\HelloWorld.UWP\HelloWorld.UWP.csproj", "{850DC5D5-79F1-4459-B22B-3038A1CF73D0}"
EndProject
Project("{FAE04EC0-301F-11D3-BF4B-00C04F79EFBC}") = "HelloWorld.Windows", "HelloWorld\HelloWorld.Windows\HelloWorld.Windows.csproj", "{BEA91F20-3B73-4498-B368-E6BE149A8105}"
EndProject
Global
	GlobalSection(SolutionConfigurationPlatforms) = preSolution
		Ad-Hoc|Any CPU = Ad-Hoc|Any CPU
		Ad-Hoc|ARM = Ad-Hoc|ARM
		Ad-Hoc|iPhone = Ad-Hoc|iPhone
		Ad-Hoc|iPhoneSimulator = Ad-Hoc|iPhoneSimulator
		Ad-Hoc|x64 = Ad-Hoc|x64
		Ad-Hoc|x86 = Ad-Hoc|x86
		AppStore|Any CPU = AppStore|Any CPU
		AppStore|ARM = AppStore|ARM
		AppStore|iPhone = AppStore|iPhone
		AppStore|iPhoneSimulator = AppStore|iPhoneSimulator
		AppStore|x64 = AppStore|x64
		AppStore|x86 = AppStore|x86
		Debug|Any CPU = Debug|Any CPU
		Debug|ARM = Debug|ARM
		Debug|iPhone = Debug|iPhone
		Debug|iPhoneSimulator = Debug|iPhoneSimulator
		Debug|x64 = Debug|x64
		Debug|x86 = Debug|x86
		Release|Any CPU = Release|Any CPU
		Release|ARM = Release|ARM
		Release|iPhone = Release|iPhone
		Release|iPhoneSimulator = Release|iPhoneSimulator
		Release|x64 = Release|x64
		Release|x86 = Release|x86
	EndGlobalSection
	GlobalSection(ProjectConfigurationPlatforms) = postSolution
		{CF25E8FD-C77B-4FA6-B0D7-105F1F3A16D2}.Ad-Hoc|Any CPU.ActiveCfg = Release|Any CPU
		{CF25E8FD-C77B-4FA6-B0D7-105F1F3A16D2}.Ad-Hoc|Any CPU.Build.0 = Release|Any CPU
		{CF25E8FD-C77B-4FA6-B0D7-105F1F3A16D2}.Ad-Hoc|ARM.ActiveCfg = Release|Any CPU
		{CF25E8FD-C77B-4FA6-B0D7-105F1F3A16D2}.Ad-Hoc|ARM.Build.0 = Release|Any CPU
		{CF25E8FD-C77B-4FA6-B0D7-105F1F3A16D2}.Ad-Hoc|iPhone.ActiveCfg = Release|Any CPU
		{CF25E8FD-C77B-4FA6-B0D7-105F1F3A16D2}.Ad-Hoc|iPhone.Build.0 = Release|Any CPU
		{CF25E8FD-C77B-4FA6-B0D7-105F1F3A16D2}.Ad-Hoc|iPhoneSimulator.ActiveCfg = Release|Any CPU
		{CF25E8FD-C77B-4FA6-B0D7-105F1F3A16D2}.Ad-Hoc|iPhoneSimulator.Build.0 = Release|Any CPU
		{CF25E8FD-C77B-4FA6-B0D7-105F1F3A16D2}.Ad-Hoc|x64.ActiveCfg = Release|Any CPU
		{CF25E8FD-C77B-4FA6-B0D7-105F1F3A16D2}.Ad-Hoc|x64.Build.0 = Release|Any CPU
		{CF25E8FD-C77B-4FA6-B0D7-105F1F3A16D2}.Ad-Hoc|x86.ActiveCfg = Release|Any CPU
		{CF25E8FD-C77B-4FA6-B0D7-105F1F3A16D2}.Ad-Hoc|x86.Build.0 = Release|Any CPU
		{CF25E8FD-C77B-4FA6-B0D7-105F1F3A16D2}.AppStore|Any CPU.ActiveCfg = Release|Any CPU
		{CF25E8FD-C77B-4FA6-B0D7-105F1F3A16D2}.AppStore|Any CPU.Build.0 = Release|Any CPU
		{CF25E8FD-C77B-4FA6-B0D7-105F1F3A16D2}.AppStore|ARM.ActiveCfg = Release|Any CPU
		{CF25E8FD-C77B-4FA6-B0D7-105F1F3A16D2}.AppStore|ARM.Build.0 = Release|Any CPU
		{CF25E8FD-C77B-4FA6-B0D7-105F1F3A16D2}.AppStore|iPhone.ActiveCfg = Release|Any CPU
		{CF25E8FD-C77B-4FA6-B0D7-105F1F3A16D2}.AppStore|iPhone.Build.0 = Release|Any CPU
		{CF25E8FD-C77B-4FA6-B0D7-105F1F3A16D2}.AppStore|iPhoneSimulator.ActiveCfg = Release|Any CPU
		{CF25E8FD-C77B-4FA6-B0D7-105F1F3A16D2}.AppStore|iPhoneSimulator.Build.0 = Release|Any CPU
		{CF25E8FD-C77B-4FA6-B0D7-105F1F3A16D2}.AppStore|x64.ActiveCfg = Release|Any CPU
		{CF25E8FD-C77B-4FA6-B0D7-105F1F3A16D2}.AppStore|x64.Build.0 = Release|Any CPU
		{CF25E8FD-C77B-4FA6-B0D7-105F1F3A16D2}.AppStore|x86.ActiveCfg = Release|Any CPU
		{CF25E8FD-C77B-4FA6-B0D7-105F1F3A16D2}.AppStore|x86.Build.0 = Release|Any CPU
		{CF25E8FD-C77B-4FA6-B0D7-105F1F3A16D2}.Debug|Any CPU.ActiveCfg = Debug|Any CPU
		{CF25E8FD-C77B-4FA6-B0D7-105F1F3A16D2}.Debug|Any CPU.Build.0 = Debug|Any CPU
		{CF25E8FD-C77B-4FA6-B0D7-105F1F3A16D2}.Debug|ARM.ActiveCfg = Debug|Any CPU
		{CF25E8FD-C77B-4FA6-B0D7-105F1F3A16D2}.Debug|ARM.Build.0 = Debug|Any CPU
		{CF25E8FD-C77B-4FA6-B0D7-105F1F3A16D2}.Debug|iPhone.ActiveCfg = Debug|Any CPU
		{CF25E8FD-C77B-4FA6-B0D7-105F1F3A16D2}.Debug|iPhone.Build.0 = Debug|Any CPU
		{CF25E8FD-C77B-4FA6-B0D7-105F1F3A16D2}.Debug|iPhoneSimulator.ActiveCfg = Debug|Any CPU
		{CF25E8FD-C77B-4FA6-B0D7-105F1F3A16D2}.Debug|iPhoneSimulator.Build.0 = Debug|Any CPU
		{CF25E8FD-C77B-4FA6-B0D7-105F1F3A16D2}.Debug|x64.ActiveCfg = Debug|Any CPU
		{CF25E8FD-C77B-4FA6-B0D7-105F1F3A16D2}.Debug|x64.Build.0 = Debug|Any CPU
		{CF25E8FD-C77B-4FA6-B0D7-105F1F3A16D2}.Debug|x86.ActiveCfg = Debug|Any CPU
		{CF25E8FD-C77B-4FA6-B0D7-105F1F3A16D2}.Debug|x86.Build.0 = Debug|Any CPU
		{CF25E8FD-C77B-4FA6-B0D7-105F1F3A16D2}.Release|Any CPU.ActiveCfg = Release|Any CPU
		{CF25E8FD-C77B-4FA6-B0D7-105F1F3A16D2}.Release|Any CPU.Build.0 = Release|Any CPU
		{CF25E8FD-C77B-4FA6-B0D7-105F1F3A16D2}.Release|ARM.ActiveCfg = Release|Any CPU
		{CF25E8FD-C77B-4FA6-B0D7-105F1F3A16D2}.Release|ARM.Build.0 = Release|Any CPU
		{CF25E8FD-C77B-4FA6-B0D7-105F1F3A16D2}.Release|iPhone.ActiveCfg = Release|Any CPU
		{CF25E8FD-C77B-4FA6-B0D7-105F1F3A16D2}.Release|iPhone.Build.0 = Release|Any CPU
		{CF25E8FD-C77B-4FA6-B0D7-105F1F3A16D2}.Release|iPhoneSimulator.ActiveCfg = Release|Any CPU
		{CF25E8FD-C77B-4FA6-B0D7-105F1F3A16D2}.Release|iPhoneSimulator.Build.0 = Release|Any CPU
		{CF25E8FD-C77B-4FA6-B0D7-105F1F3A16D2}.Release|x64.ActiveCfg = Release|Any CPU
		{CF25E8FD-C77B-4FA6-B0D7-105F1F3A16D2}.Release|x64.Build.0 = Release|Any CPU
		{CF25E8FD-C77B-4FA6-B0D7-105F1F3A16D2}.Release|x86.ActiveCfg = Release|Any CPU
		{CF25E8FD-C77B-4FA6-B0D7-105F1F3A16D2}.Release|x86.Build.0 = Release|Any CPU
		{49F9B40E-57D2-4133-9A7B-031B5D4033B1}.Ad-Hoc|Any CPU.ActiveCfg = Release|Any CPU
		{49F9B40E-57D2-4133-9A7B-031B5D4033B1}.Ad-Hoc|Any CPU.Build.0 = Release|Any CPU
		{49F9B40E-57D2-4133-9A7B-031B5D4033B1}.Ad-Hoc|Any CPU.Deploy.0 = Release|Any CPU
		{49F9B40E-57D2-4133-9A7B-031B5D4033B1}.Ad-Hoc|ARM.ActiveCfg = Release|Any CPU
		{49F9B40E-57D2-4133-9A7B-031B5D4033B1}.Ad-Hoc|ARM.Build.0 = Release|Any CPU
		{49F9B40E-57D2-4133-9A7B-031B5D4033B1}.Ad-Hoc|ARM.Deploy.0 = Release|Any CPU
		{49F9B40E-57D2-4133-9A7B-031B5D4033B1}.Ad-Hoc|iPhone.ActiveCfg = Release|Any CPU
		{49F9B40E-57D2-4133-9A7B-031B5D4033B1}.Ad-Hoc|iPhone.Build.0 = Release|Any CPU
		{49F9B40E-57D2-4133-9A7B-031B5D4033B1}.Ad-Hoc|iPhone.Deploy.0 = Release|Any CPU
		{49F9B40E-57D2-4133-9A7B-031B5D4033B1}.Ad-Hoc|iPhoneSimulator.ActiveCfg = Release|Any CPU
		{49F9B40E-57D2-4133-9A7B-031B5D4033B1}.Ad-Hoc|iPhoneSimulator.Build.0 = Release|Any CPU
		{49F9B40E-57D2-4133-9A7B-031B5D4033B1}.Ad-Hoc|iPhoneSimulator.Deploy.0 = Release|Any CPU
		{49F9B40E-57D2-4133-9A7B-031B5D4033B1}.Ad-Hoc|x64.ActiveCfg = Release|Any CPU
		{49F9B40E-57D2-4133-9A7B-031B5D4033B1}.Ad-Hoc|x64.Build.0 = Release|Any CPU
		{49F9B40E-57D2-4133-9A7B-031B5D4033B1}.Ad-Hoc|x64.Deploy.0 = Release|Any CPU
		{49F9B40E-57D2-4133-9A7B-031B5D4033B1}.Ad-Hoc|x86.ActiveCfg = Release|Any CPU
		{49F9B40E-57D2-4133-9A7B-031B5D4033B1}.Ad-Hoc|x86.Build.0 = Release|Any CPU
		{49F9B40E-57D2-4133-9A7B-031B5D4033B1}.Ad-Hoc|x86.Deploy.0 = Release|Any CPU
		{49F9B40E-57D2-4133-9A7B-031B5D4033B1}.AppStore|Any CPU.ActiveCfg = Release|Any CPU
		{49F9B40E-57D2-4133-9A7B-031B5D4033B1}.AppStore|Any CPU.Build.0 = Release|Any CPU
		{49F9B40E-57D2-4133-9A7B-031B5D4033B1}.AppStore|Any CPU.Deploy.0 = Release|Any CPU
		{49F9B40E-57D2-4133-9A7B-031B5D4033B1}.AppStore|ARM.ActiveCfg = Release|Any CPU
		{49F9B40E-57D2-4133-9A7B-031B5D4033B1}.AppStore|ARM.Build.0 = Release|Any CPU
		{49F9B40E-57D2-4133-9A7B-031B5D4033B1}.AppStore|ARM.Deploy.0 = Release|Any CPU
		{49F9B40E-57D2-4133-9A7B-031B5D4033B1}.AppStore|iPhone.ActiveCfg = Release|Any CPU
		{49F9B40E-57D2-4133-9A7B-031B5D4033B1}.AppStore|iPhone.Build.0 = Release|Any CPU
		{49F9B40E-57D2-4133-9A7B-031B5D4033B1}.AppStore|iPhone.Deploy.0 = Release|Any CPU
		{49F9B40E-57D2-4133-9A7B-031B5D4033B1}.AppStore|iPhoneSimulator.ActiveCfg = Release|Any CPU
		{49F9B40E-57D2-4133-9A7B-031B5D4033B1}.AppStore|iPhoneSimulator.Build.0 = Release|Any CPU
		{49F9B40E-57D2-4133-9A7B-031B5D4033B1}.AppStore|iPhoneSimulator.Deploy.0 = Release|Any CPU
		{49F9B40E-57D2-4133-9A7B-031B5D4033B1}.AppStore|x64.ActiveCfg = Release|Any CPU
		{49F9B40E-57D2-4133-9A7B-031B5D4033B1}.AppStore|x64.Build.0 = Release|Any CPU
		{49F9B40E-57D2-4133-9A7B-031B5D4033B1}.AppStore|x64.Deploy.0 = Release|Any CPU
		{49F9B40E-57D2-4133-9A7B-031B5D4033B1}.AppStore|x86.ActiveCfg = Release|Any CPU
		{49F9B40E-57D2-4133-9A7B-031B5D4033B1}.AppStore|x86.Build.0 = Release|Any CPU
		{49F9B40E-57D2-4133-9A7B-031B5D4033B1}.AppStore|x86.Deploy.0 = Release|Any CPU
		{49F9B40E-57D2-4133-9A7B-031B5D4033B1}.Debug|Any CPU.ActiveCfg = Debug|Any CPU
		{49F9B40E-57D2-4133-9A7B-031B5D4033B1}.Debug|Any CPU.Build.0 = Debug|Any CPU
		{49F9B40E-57D2-4133-9A7B-031B5D4033B1}.Debug|Any CPU.Deploy.0 = Debug|Any CPU
		{49F9B40E-57D2-4133-9A7B-031B5D4033B1}.Debug|ARM.ActiveCfg = Debug|Any CPU
		{49F9B40E-57D2-4133-9A7B-031B5D4033B1}.Debug|ARM.Build.0 = Debug|Any CPU
		{49F9B40E-57D2-4133-9A7B-031B5D4033B1}.Debug|ARM.Deploy.0 = Debug|Any CPU
		{49F9B40E-57D2-4133-9A7B-031B5D4033B1}.Debug|iPhone.ActiveCfg = Debug|Any CPU
		{49F9B40E-57D2-4133-9A7B-031B5D4033B1}.Debug|iPhone.Build.0 = Debug|Any CPU
		{49F9B40E-57D2-4133-9A7B-031B5D4033B1}.Debug|iPhone.Deploy.0 = Debug|Any CPU
		{49F9B40E-57D2-4133-9A7B-031B5D4033B1}.Debug|iPhoneSimulator.ActiveCfg = Debug|Any CPU
		{49F9B40E-57D2-4133-9A7B-031B5D4033B1}.Debug|iPhoneSimulator.Build.0 = Debug|Any CPU
		{49F9B40E-57D2-4133-9A7B-031B5D4033B1}.Debug|iPhoneSimulator.Deploy.0 = Debug|Any CPU
		{49F9B40E-57D2-4133-9A7B-031B5D4033B1}.Debug|x64.ActiveCfg = Debug|Any CPU
		{49F9B40E-57D2-4133-9A7B-031B5D4033B1}.Debug|x64.Build.0 = Debug|Any CPU
		{49F9B40E-57D2-4133-9A7B-031B5D4033B1}.Debug|x64.Deploy.0 = Debug|Any CPU
		{49F9B40E-57D2-4133-9A7B-031B5D4033B1}.Debug|x86.ActiveCfg = Debug|Any CPU
		{49F9B40E-57D2-4133-9A7B-031B5D4033B1}.Debug|x86.Build.0 = Debug|Any CPU
		{49F9B40E-57D2-4133-9A7B-031B5D4033B1}.Debug|x86.Deploy.0 = Debug|Any CPU
		{49F9B40E-57D2-4133-9A7B-031B5D4033B1}.Release|Any CPU.ActiveCfg = Release|Any CPU
		{49F9B40E-57D2-4133-9A7B-031B5D4033B1}.Release|Any CPU.Build.0 = Release|Any CPU
		{49F9B40E-57D2-4133-9A7B-031B5D4033B1}.Release|Any CPU.Deploy.0 = Release|Any CPU
		{49F9B40E-57D2-4133-9A7B-031B5D4033B1}.Release|ARM.ActiveCfg = Release|Any CPU
		{49F9B40E-57D2-4133-9A7B-031B5D4033B1}.Release|ARM.Build.0 = Release|Any CPU
		{49F9B40E-57D2-4133-9A7B-031B5D4033B1}.Release|ARM.Deploy.0 = Release|Any CPU
		{49F9B40E-57D2-4133-9A7B-031B5D4033B1}.Release|iPhone.ActiveCfg = Release|Any CPU
		{49F9B40E-57D2-4133-9A7B-031B5D4033B1}.Release|iPhone.Build.0 = Release|Any CPU
		{49F9B40E-57D2-4133-9A7B-031B5D4033B1}.Release|iPhone.Deploy.0 = Release|Any CPU
		{49F9B40E-57D2-4133-9A7B-031B5D4033B1}.Release|iPhoneSimulator.ActiveCfg = Release|Any CPU
		{49F9B40E-57D2-4133-9A7B-031B5D4033B1}.Release|iPhoneSimulator.Build.0 = Release|Any CPU
		{49F9B40E-57D2-4133-9A7B-031B5D4033B1}.Release|iPhoneSimulator.Deploy.0 = Release|Any CPU
		{49F9B40E-57D2-4133-9A7B-031B5D4033B1}.Release|x64.ActiveCfg = Release|Any CPU
		{49F9B40E-57D2-4133-9A7B-031B5D4033B1}.Release|x64.Build.0 = Release|Any CPU
		{49F9B40E-57D2-4133-9A7B-031B5D4033B1}.Release|x64.Deploy.0 = Release|Any CPU
		{49F9B40E-57D2-4133-9A7B-031B5D4033B1}.Release|x86.ActiveCfg = Release|Any CPU
		{49F9B40E-57D2-4133-9A7B-031B5D4033B1}.Release|x86.Build.0 = Release|Any CPU
		{49F9B40E-57D2-4133-9A7B-031B5D4033B1}.Release|x86.Deploy.0 = Release|Any CPU
		{9CD135ED-48C0-4B83-8315-B8715D6AD38D}.Ad-Hoc|Any CPU.ActiveCfg = Ad-Hoc|iPhone
		{9CD135ED-48C0-4B83-8315-B8715D6AD38D}.Ad-Hoc|ARM.ActiveCfg = Ad-Hoc|iPhone
		{9CD135ED-48C0-4B83-8315-B8715D6AD38D}.Ad-Hoc|iPhone.ActiveCfg = Ad-Hoc|iPhone
		{9CD135ED-48C0-4B83-8315-B8715D6AD38D}.Ad-Hoc|iPhone.Build.0 = Ad-Hoc|iPhone
		{9CD135ED-48C0-4B83-8315-B8715D6AD38D}.Ad-Hoc|iPhoneSimulator.ActiveCfg = Ad-Hoc|iPhoneSimulator
		{9CD135ED-48C0-4B83-8315-B8715D6AD38D}.Ad-Hoc|iPhoneSimulator.Build.0 = Ad-Hoc|iPhoneSimulator
		{9CD135ED-48C0-4B83-8315-B8715D6AD38D}.Ad-Hoc|x64.ActiveCfg = Ad-Hoc|iPhone
		{9CD135ED-48C0-4B83-8315-B8715D6AD38D}.Ad-Hoc|x86.ActiveCfg = Ad-Hoc|iPhone
		{9CD135ED-48C0-4B83-8315-B8715D6AD38D}.AppStore|Any CPU.ActiveCfg = AppStore|iPhone
		{9CD135ED-48C0-4B83-8315-B8715D6AD38D}.AppStore|ARM.ActiveCfg = AppStore|iPhone
		{9CD135ED-48C0-4B83-8315-B8715D6AD38D}.AppStore|iPhone.ActiveCfg = AppStore|iPhone
		{9CD135ED-48C0-4B83-8315-B8715D6AD38D}.AppStore|iPhone.Build.0 = AppStore|iPhone
		{9CD135ED-48C0-4B83-8315-B8715D6AD38D}.AppStore|iPhoneSimulator.ActiveCfg = AppStore|iPhoneSimulator
		{9CD135ED-48C0-4B83-8315-B8715D6AD38D}.AppStore|iPhoneSimulator.Build.0 = AppStore|iPhoneSimulator
		{9CD135ED-48C0-4B83-8315-B8715D6AD38D}.AppStore|x64.ActiveCfg = AppStore|iPhone
		{9CD135ED-48C0-4B83-8315-B8715D6AD38D}.AppStore|x86.ActiveCfg = AppStore|iPhone
		{9CD135ED-48C0-4B83-8315-B8715D6AD38D}.Debug|Any CPU.ActiveCfg = Debug|iPhone
		{9CD135ED-48C0-4B83-8315-B8715D6AD38D}.Debug|ARM.ActiveCfg = Debug|iPhone
		{9CD135ED-48C0-4B83-8315-B8715D6AD38D}.Debug|iPhone.ActiveCfg = Debug|iPhone
		{9CD135ED-48C0-4B83-8315-B8715D6AD38D}.Debug|iPhone.Build.0 = Debug|iPhone
		{9CD135ED-48C0-4B83-8315-B8715D6AD38D}.Debug|iPhoneSimulator.ActiveCfg = Debug|iPhoneSimulator
		{9CD135ED-48C0-4B83-8315-B8715D6AD38D}.Debug|iPhoneSimulator.Build.0 = Debug|iPhoneSimulator
		{9CD135ED-48C0-4B83-8315-B8715D6AD38D}.Debug|x64.ActiveCfg = Debug|iPhone
		{9CD135ED-48C0-4B83-8315-B8715D6AD38D}.Debug|x86.ActiveCfg = Debug|iPhone
		{9CD135ED-48C0-4B83-8315-B8715D6AD38D}.Release|Any CPU.ActiveCfg = Release|iPhone
		{9CD135ED-48C0-4B83-8315-B8715D6AD38D}.Release|ARM.ActiveCfg = Release|iPhone
		{9CD135ED-48C0-4B83-8315-B8715D6AD38D}.Release|iPhone.ActiveCfg = Release|iPhone
		{9CD135ED-48C0-4B83-8315-B8715D6AD38D}.Release|iPhone.Build.0 = Release|iPhone
		{9CD135ED-48C0-4B83-8315-B8715D6AD38D}.Release|iPhoneSimulator.ActiveCfg = Release|iPhoneSimulator
		{9CD135ED-48C0-4B83-8315-B8715D6AD38D}.Release|iPhoneSimulator.Build.0 = Release|iPhoneSimulator
		{9CD135ED-48C0-4B83-8315-B8715D6AD38D}.Release|x64.ActiveCfg = Release|iPhone
		{9CD135ED-48C0-4B83-8315-B8715D6AD38D}.Release|x86.ActiveCfg = Release|iPhone
		{82120903-7F23-43F7-B2CB-F3A189A82FC8}.Ad-Hoc|Any CPU.ActiveCfg = Release|Any CPU
		{82120903-7F23-43F7-B2CB-F3A189A82FC8}.Ad-Hoc|Any CPU.Build.0 = Release|Any CPU
		{82120903-7F23-43F7-B2CB-F3A189A82FC8}.Ad-Hoc|Any CPU.Deploy.0 = Release|Any CPU
		{82120903-7F23-43F7-B2CB-F3A189A82FC8}.Ad-Hoc|ARM.ActiveCfg = Release|ARM
		{82120903-7F23-43F7-B2CB-F3A189A82FC8}.Ad-Hoc|ARM.Build.0 = Release|ARM
		{82120903-7F23-43F7-B2CB-F3A189A82FC8}.Ad-Hoc|ARM.Deploy.0 = Release|ARM
		{82120903-7F23-43F7-B2CB-F3A189A82FC8}.Ad-Hoc|iPhone.ActiveCfg = Release|Any CPU
		{82120903-7F23-43F7-B2CB-F3A189A82FC8}.Ad-Hoc|iPhone.Build.0 = Release|Any CPU
		{82120903-7F23-43F7-B2CB-F3A189A82FC8}.Ad-Hoc|iPhone.Deploy.0 = Release|Any CPU
		{82120903-7F23-43F7-B2CB-F3A189A82FC8}.Ad-Hoc|iPhoneSimulator.ActiveCfg = Release|Any CPU
		{82120903-7F23-43F7-B2CB-F3A189A82FC8}.Ad-Hoc|iPhoneSimulator.Build.0 = Release|Any CPU
		{82120903-7F23-43F7-B2CB-F3A189A82FC8}.Ad-Hoc|iPhoneSimulator.Deploy.0 = Release|Any CPU
		{82120903-7F23-43F7-B2CB-F3A189A82FC8}.Ad-Hoc|x64.ActiveCfg = Release|Any CPU
		{82120903-7F23-43F7-B2CB-F3A189A82FC8}.Ad-Hoc|x64.Build.0 = Release|Any CPU
		{82120903-7F23-43F7-B2CB-F3A189A82FC8}.Ad-Hoc|x64.Deploy.0 = Release|Any CPU
		{82120903-7F23-43F7-B2CB-F3A189A82FC8}.Ad-Hoc|x86.ActiveCfg = Release|x86
		{82120903-7F23-43F7-B2CB-F3A189A82FC8}.Ad-Hoc|x86.Build.0 = Release|x86
		{82120903-7F23-43F7-B2CB-F3A189A82FC8}.Ad-Hoc|x86.Deploy.0 = Release|x86
		{82120903-7F23-43F7-B2CB-F3A189A82FC8}.AppStore|Any CPU.ActiveCfg = Release|Any CPU
		{82120903-7F23-43F7-B2CB-F3A189A82FC8}.AppStore|Any CPU.Build.0 = Release|Any CPU
		{82120903-7F23-43F7-B2CB-F3A189A82FC8}.AppStore|Any CPU.Deploy.0 = Release|Any CPU
		{82120903-7F23-43F7-B2CB-F3A189A82FC8}.AppStore|ARM.ActiveCfg = Release|ARM
		{82120903-7F23-43F7-B2CB-F3A189A82FC8}.AppStore|ARM.Build.0 = Release|ARM
		{82120903-7F23-43F7-B2CB-F3A189A82FC8}.AppStore|ARM.Deploy.0 = Release|ARM
		{82120903-7F23-43F7-B2CB-F3A189A82FC8}.AppStore|iPhone.ActiveCfg = Release|Any CPU
		{82120903-7F23-43F7-B2CB-F3A189A82FC8}.AppStore|iPhone.Build.0 = Release|Any CPU
		{82120903-7F23-43F7-B2CB-F3A189A82FC8}.AppStore|iPhone.Deploy.0 = Release|Any CPU
		{82120903-7F23-43F7-B2CB-F3A189A82FC8}.AppStore|iPhoneSimulator.ActiveCfg = Release|Any CPU
		{82120903-7F23-43F7-B2CB-F3A189A82FC8}.AppStore|iPhoneSimulator.Build.0 = Release|Any CPU
		{82120903-7F23-43F7-B2CB-F3A189A82FC8}.AppStore|iPhoneSimulator.Deploy.0 = Release|Any CPU
		{82120903-7F23-43F7-B2CB-F3A189A82FC8}.AppStore|x64.ActiveCfg = Release|Any CPU
		{82120903-7F23-43F7-B2CB-F3A189A82FC8}.AppStore|x64.Build.0 = Release|Any CPU
		{82120903-7F23-43F7-B2CB-F3A189A82FC8}.AppStore|x64.Deploy.0 = Release|Any CPU
		{82120903-7F23-43F7-B2CB-F3A189A82FC8}.AppStore|x86.ActiveCfg = Release|x86
		{82120903-7F23-43F7-B2CB-F3A189A82FC8}.AppStore|x86.Build.0 = Release|x86
		{82120903-7F23-43F7-B2CB-F3A189A82FC8}.AppStore|x86.Deploy.0 = Release|x86
		{82120903-7F23-43F7-B2CB-F3A189A82FC8}.Debug|Any CPU.ActiveCfg = Debug|Any CPU
		{82120903-7F23-43F7-B2CB-F3A189A82FC8}.Debug|Any CPU.Build.0 = Debug|Any CPU
		{82120903-7F23-43F7-B2CB-F3A189A82FC8}.Debug|Any CPU.Deploy.0 = Debug|Any CPU
		{82120903-7F23-43F7-B2CB-F3A189A82FC8}.Debug|ARM.ActiveCfg = Debug|ARM
		{82120903-7F23-43F7-B2CB-F3A189A82FC8}.Debug|ARM.Build.0 = Debug|ARM
		{82120903-7F23-43F7-B2CB-F3A189A82FC8}.Debug|ARM.Deploy.0 = Debug|ARM
		{82120903-7F23-43F7-B2CB-F3A189A82FC8}.Debug|iPhone.ActiveCfg = Debug|Any CPU
		{82120903-7F23-43F7-B2CB-F3A189A82FC8}.Debug|iPhone.Build.0 = Debug|Any CPU
		{82120903-7F23-43F7-B2CB-F3A189A82FC8}.Debug|iPhone.Deploy.0 = Debug|Any CPU
		{82120903-7F23-43F7-B2CB-F3A189A82FC8}.Debug|iPhoneSimulator.ActiveCfg = Debug|Any CPU
		{82120903-7F23-43F7-B2CB-F3A189A82FC8}.Debug|iPhoneSimulator.Build.0 = Debug|Any CPU
		{82120903-7F23-43F7-B2CB-F3A189A82FC8}.Debug|iPhoneSimulator.Deploy.0 = Debug|Any CPU
		{82120903-7F23-43F7-B2CB-F3A189A82FC8}.Debug|x64.ActiveCfg = Debug|Any CPU
		{82120903-7F23-43F7-B2CB-F3A189A82FC8}.Debug|x64.Build.0 = Debug|Any CPU
		{82120903-7F23-43F7-B2CB-F3A189A82FC8}.Debug|x64.Deploy.0 = Debug|Any CPU
		{82120903-7F23-43F7-B2CB-F3A189A82FC8}.Debug|x86.ActiveCfg = Debug|x86
		{82120903-7F23-43F7-B2CB-F3A189A82FC8}.Debug|x86.Build.0 = Debug|x86
		{82120903-7F23-43F7-B2CB-F3A189A82FC8}.Debug|x86.Deploy.0 = Debug|x86
		{82120903-7F23-43F7-B2CB-F3A189A82FC8}.Release|Any CPU.ActiveCfg = Release|Any CPU
		{82120903-7F23-43F7-B2CB-F3A189A82FC8}.Release|Any CPU.Build.0 = Release|Any CPU
		{82120903-7F23-43F7-B2CB-F3A189A82FC8}.Release|Any CPU.Deploy.0 = Release|Any CPU
		{82120903-7F23-43F7-B2CB-F3A189A82FC8}.Release|ARM.ActiveCfg = Release|ARM
		{82120903-7F23-43F7-B2CB-F3A189A82FC8}.Release|ARM.Build.0 = Release|ARM
		{82120903-7F23-43F7-B2CB-F3A189A82FC8}.Release|ARM.Deploy.0 = Release|ARM
		{82120903-7F23-43F7-B2CB-F3A189A82FC8}.Release|iPhone.ActiveCfg = Release|Any CPU
		{82120903-7F23-43F7-B2CB-F3A189A82FC8}.Release|iPhone.Build.0 = Release|Any CPU
		{82120903-7F23-43F7-B2CB-F3A189A82FC8}.Release|iPhone.Deploy.0 = Release|Any CPU
		{82120903-7F23-43F7-B2CB-F3A189A82FC8}.Release|iPhoneSimulator.ActiveCfg = Release|Any CPU
		{82120903-7F23-43F7-B2CB-F3A189A82FC8}.Release|iPhoneSimulator.Build.0 = Release|Any CPU
		{82120903-7F23-43F7-B2CB-F3A189A82FC8}.Release|iPhoneSimulator.Deploy.0 = Release|Any CPU
		{82120903-7F23-43F7-B2CB-F3A189A82FC8}.Release|x64.ActiveCfg = Release|Any CPU
		{82120903-7F23-43F7-B2CB-F3A189A82FC8}.Release|x64.Build.0 = Release|Any CPU
		{82120903-7F23-43F7-B2CB-F3A189A82FC8}.Release|x64.Deploy.0 = Release|Any CPU
		{82120903-7F23-43F7-B2CB-F3A189A82FC8}.Release|x86.ActiveCfg = Release|x86
		{82120903-7F23-43F7-B2CB-F3A189A82FC8}.Release|x86.Build.0 = Release|x86
		{82120903-7F23-43F7-B2CB-F3A189A82FC8}.Release|x86.Deploy.0 = Release|x86
		{850DC5D5-79F1-4459-B22B-3038A1CF73D0}.Ad-Hoc|Any CPU.ActiveCfg = Release|x86
		{850DC5D5-79F1-4459-B22B-3038A1CF73D0}.Ad-Hoc|Any CPU.Build.0 = Release|x86
		{850DC5D5-79F1-4459-B22B-3038A1CF73D0}.Ad-Hoc|Any CPU.Deploy.0 = Release|x86
		{850DC5D5-79F1-4459-B22B-3038A1CF73D0}.Ad-Hoc|ARM.ActiveCfg = Release|ARM
		{850DC5D5-79F1-4459-B22B-3038A1CF73D0}.Ad-Hoc|ARM.Build.0 = Release|ARM
		{850DC5D5-79F1-4459-B22B-3038A1CF73D0}.Ad-Hoc|ARM.Deploy.0 = Release|ARM
		{850DC5D5-79F1-4459-B22B-3038A1CF73D0}.Ad-Hoc|iPhone.ActiveCfg = Release|x86
		{850DC5D5-79F1-4459-B22B-3038A1CF73D0}.Ad-Hoc|iPhone.Build.0 = Release|x86
		{850DC5D5-79F1-4459-B22B-3038A1CF73D0}.Ad-Hoc|iPhone.Deploy.0 = Release|x86
		{850DC5D5-79F1-4459-B22B-3038A1CF73D0}.Ad-Hoc|iPhoneSimulator.ActiveCfg = Release|x86
		{850DC5D5-79F1-4459-B22B-3038A1CF73D0}.Ad-Hoc|iPhoneSimulator.Build.0 = Release|x86
		{850DC5D5-79F1-4459-B22B-3038A1CF73D0}.Ad-Hoc|iPhoneSimulator.Deploy.0 = Release|x86
		{850DC5D5-79F1-4459-B22B-3038A1CF73D0}.Ad-Hoc|x64.ActiveCfg = Release|x64
		{850DC5D5-79F1-4459-B22B-3038A1CF73D0}.Ad-Hoc|x64.Build.0 = Release|x64
		{850DC5D5-79F1-4459-B22B-3038A1CF73D0}.Ad-Hoc|x64.Deploy.0 = Release|x64
		{850DC5D5-79F1-4459-B22B-3038A1CF73D0}.Ad-Hoc|x86.ActiveCfg = Release|x86
		{850DC5D5-79F1-4459-B22B-3038A1CF73D0}.Ad-Hoc|x86.Build.0 = Release|x86
		{850DC5D5-79F1-4459-B22B-3038A1CF73D0}.Ad-Hoc|x86.Deploy.0 = Release|x86
		{850DC5D5-79F1-4459-B22B-3038A1CF73D0}.AppStore|Any CPU.ActiveCfg = Release|x86
		{850DC5D5-79F1-4459-B22B-3038A1CF73D0}.AppStore|Any CPU.Build.0 = Release|x86
		{850DC5D5-79F1-4459-B22B-3038A1CF73D0}.AppStore|Any CPU.Deploy.0 = Release|x86
		{850DC5D5-79F1-4459-B22B-3038A1CF73D0}.AppStore|ARM.ActiveCfg = Release|ARM
		{850DC5D5-79F1-4459-B22B-3038A1CF73D0}.AppStore|ARM.Build.0 = Release|ARM
		{850DC5D5-79F1-4459-B22B-3038A1CF73D0}.AppStore|ARM.Deploy.0 = Release|ARM
		{850DC5D5-79F1-4459-B22B-3038A1CF73D0}.AppStore|iPhone.ActiveCfg = Release|x86
		{850DC5D5-79F1-4459-B22B-3038A1CF73D0}.AppStore|iPhone.Build.0 = Release|x86
		{850DC5D5-79F1-4459-B22B-3038A1CF73D0}.AppStore|iPhone.Deploy.0 = Release|x86
		{850DC5D5-79F1-4459-B22B-3038A1CF73D0}.AppStore|iPhoneSimulator.ActiveCfg = Release|x86
		{850DC5D5-79F1-4459-B22B-3038A1CF73D0}.AppStore|iPhoneSimulator.Build.0 = Release|x86
		{850DC5D5-79F1-4459-B22B-3038A1CF73D0}.AppStore|iPhoneSimulator.Deploy.0 = Release|x86
		{850DC5D5-79F1-4459-B22B-3038A1CF73D0}.AppStore|x64.ActiveCfg = Release|x64
		{850DC5D5-79F1-4459-B22B-3038A1CF73D0}.AppStore|x64.Build.0 = Release|x64
		{850DC5D5-79F1-4459-B22B-3038A1CF73D0}.AppStore|x64.Deploy.0 = Release|x64
		{850DC5D5-79F1-4459-B22B-3038A1CF73D0}.AppStore|x86.ActiveCfg = Release|x86
		{850DC5D5-79F1-4459-B22B-3038A1CF73D0}.AppStore|x86.Build.0 = Release|x86
		{850DC5D5-79F1-4459-B22B-3038A1CF73D0}.AppStore|x86.Deploy.0 = Release|x86
		{850DC5D5-79F1-4459-B22B-3038A1CF73D0}.Debug|Any CPU.ActiveCfg = Debug|x86
		{850DC5D5-79F1-4459-B22B-3038A1CF73D0}.Debug|ARM.ActiveCfg = Debug|ARM
		{850DC5D5-79F1-4459-B22B-3038A1CF73D0}.Debug|ARM.Build.0 = Debug|ARM
		{850DC5D5-79F1-4459-B22B-3038A1CF73D0}.Debug|ARM.Deploy.0 = Debug|ARM
		{850DC5D5-79F1-4459-B22B-3038A1CF73D0}.Debug|iPhone.ActiveCfg = Debug|x86
		{850DC5D5-79F1-4459-B22B-3038A1CF73D0}.Debug|iPhoneSimulator.ActiveCfg = Debug|x86
		{850DC5D5-79F1-4459-B22B-3038A1CF73D0}.Debug|x64.ActiveCfg = Debug|x64
		{850DC5D5-79F1-4459-B22B-3038A1CF73D0}.Debug|x64.Build.0 = Debug|x64
		{850DC5D5-79F1-4459-B22B-3038A1CF73D0}.Debug|x64.Deploy.0 = Debug|x64
		{850DC5D5-79F1-4459-B22B-3038A1CF73D0}.Debug|x86.ActiveCfg = Debug|x86
		{850DC5D5-79F1-4459-B22B-3038A1CF73D0}.Debug|x86.Build.0 = Debug|x86
		{850DC5D5-79F1-4459-B22B-3038A1CF73D0}.Debug|x86.Deploy.0 = Debug|x86
		{850DC5D5-79F1-4459-B22B-3038A1CF73D0}.Release|Any CPU.ActiveCfg = Release|x86
		{850DC5D5-79F1-4459-B22B-3038A1CF73D0}.Release|ARM.ActiveCfg = Release|ARM
		{850DC5D5-79F1-4459-B22B-3038A1CF73D0}.Release|ARM.Build.0 = Release|ARM
		{850DC5D5-79F1-4459-B22B-3038A1CF73D0}.Release|ARM.Deploy.0 = Release|ARM
		{850DC5D5-79F1-4459-B22B-3038A1CF73D0}.Release|iPhone.ActiveCfg = Release|x86
		{850DC5D5-79F1-4459-B22B-3038A1CF73D0}.Release|iPhoneSimulator.ActiveCfg = Release|x86
		{850DC5D5-79F1-4459-B22B-3038A1CF73D0}.Release|x64.ActiveCfg = Release|x64
		{850DC5D5-79F1-4459-B22B-3038A1CF73D0}.Release|x64.Build.0 = Release|x64
		{850DC5D5-79F1-4459-B22B-3038A1CF73D0}.Release|x64.Deploy.0 = Release|x64
		{850DC5D5-79F1-4459-B22B-3038A1CF73D0}.Release|x86.ActiveCfg = Release|x86
		{850DC5D5-79F1-4459-B22B-3038A1CF73D0}.Release|x86.Build.0 = Release|x86
		{850DC5D5-79F1-4459-B22B-3038A1CF73D0}.Release|x86.Deploy.0 = Release|x86
		{BEA91F20-3B73-4498-B368-E6BE149A8105}.Ad-Hoc|Any CPU.ActiveCfg = Release|Any CPU
		{BEA91F20-3B73-4498-B368-E6BE149A8105}.Ad-Hoc|Any CPU.Build.0 = Release|Any CPU
		{BEA91F20-3B73-4498-B368-E6BE149A8105}.Ad-Hoc|Any CPU.Deploy.0 = Release|Any CPU
		{BEA91F20-3B73-4498-B368-E6BE149A8105}.Ad-Hoc|ARM.ActiveCfg = Release|ARM
		{BEA91F20-3B73-4498-B368-E6BE149A8105}.Ad-Hoc|ARM.Build.0 = Release|ARM
		{BEA91F20-3B73-4498-B368-E6BE149A8105}.Ad-Hoc|ARM.Deploy.0 = Release|ARM
		{BEA91F20-3B73-4498-B368-E6BE149A8105}.Ad-Hoc|iPhone.ActiveCfg = Release|Any CPU
		{BEA91F20-3B73-4498-B368-E6BE149A8105}.Ad-Hoc|iPhone.Build.0 = Release|Any CPU
		{BEA91F20-3B73-4498-B368-E6BE149A8105}.Ad-Hoc|iPhone.Deploy.0 = Release|Any CPU
		{BEA91F20-3B73-4498-B368-E6BE149A8105}.Ad-Hoc|iPhoneSimulator.ActiveCfg = Release|Any CPU
		{BEA91F20-3B73-4498-B368-E6BE149A8105}.Ad-Hoc|iPhoneSimulator.Build.0 = Release|Any CPU
		{BEA91F20-3B73-4498-B368-E6BE149A8105}.Ad-Hoc|iPhoneSimulator.Deploy.0 = Release|Any CPU
		{BEA91F20-3B73-4498-B368-E6BE149A8105}.Ad-Hoc|x64.ActiveCfg = Release|x64
		{BEA91F20-3B73-4498-B368-E6BE149A8105}.Ad-Hoc|x64.Build.0 = Release|x64
		{BEA91F20-3B73-4498-B368-E6BE149A8105}.Ad-Hoc|x64.Deploy.0 = Release|x64
		{BEA91F20-3B73-4498-B368-E6BE149A8105}.Ad-Hoc|x86.ActiveCfg = Release|x86
		{BEA91F20-3B73-4498-B368-E6BE149A8105}.Ad-Hoc|x86.Build.0 = Release|x86
		{BEA91F20-3B73-4498-B368-E6BE149A8105}.Ad-Hoc|x86.Deploy.0 = Release|x86
		{BEA91F20-3B73-4498-B368-E6BE149A8105}.AppStore|Any CPU.ActiveCfg = Release|Any CPU
		{BEA91F20-3B73-4498-B368-E6BE149A8105}.AppStore|Any CPU.Build.0 = Release|Any CPU
		{BEA91F20-3B73-4498-B368-E6BE149A8105}.AppStore|Any CPU.Deploy.0 = Release|Any CPU
		{BEA91F20-3B73-4498-B368-E6BE149A8105}.AppStore|ARM.ActiveCfg = Release|ARM
		{BEA91F20-3B73-4498-B368-E6BE149A8105}.AppStore|ARM.Build.0 = Release|ARM
		{BEA91F20-3B73-4498-B368-E6BE149A8105}.AppStore|ARM.Deploy.0 = Release|ARM
		{BEA91F20-3B73-4498-B368-E6BE149A8105}.AppStore|iPhone.ActiveCfg = Release|Any CPU
		{BEA91F20-3B73-4498-B368-E6BE149A8105}.AppStore|iPhone.Build.0 = Release|Any CPU
		{BEA91F20-3B73-4498-B368-E6BE149A8105}.AppStore|iPhone.Deploy.0 = Release|Any CPU
		{BEA91F20-3B73-4498-B368-E6BE149A8105}.AppStore|iPhoneSimulator.ActiveCfg = Release|Any CPU
		{BEA91F20-3B73-4498-B368-E6BE149A8105}.AppStore|iPhoneSimulator.Build.0 = Release|Any CPU
		{BEA91F20-3B73-4498-B368-E6BE149A8105}.AppStore|iPhoneSimulator.Deploy.0 = Release|Any CPU
		{BEA91F20-3B73-4498-B368-E6BE149A8105}.AppStore|x64.ActiveCfg = Release|x64
		{BEA91F20-3B73-4498-B368-E6BE149A8105}.AppStore|x64.Build.0 = Release|x64
		{BEA91F20-3B73-4498-B368-E6BE149A8105}.AppStore|x64.Deploy.0 = Release|x64
		{BEA91F20-3B73-4498-B368-E6BE149A8105}.AppStore|x86.ActiveCfg = Release|x86
		{BEA91F20-3B73-4498-B368-E6BE149A8105}.AppStore|x86.Build.0 = Release|x86
		{BEA91F20-3B73-4498-B368-E6BE149A8105}.AppStore|x86.Deploy.0 = Release|x86
		{BEA91F20-3B73-4498-B368-E6BE149A8105}.Debug|Any CPU.ActiveCfg = Debug|Any CPU
		{BEA91F20-3B73-4498-B368-E6BE149A8105}.Debug|Any CPU.Build.0 = Debug|Any CPU
		{BEA91F20-3B73-4498-B368-E6BE149A8105}.Debug|Any CPU.Deploy.0 = Debug|Any CPU
		{BEA91F20-3B73-4498-B368-E6BE149A8105}.Debug|ARM.ActiveCfg = Debug|ARM
		{BEA91F20-3B73-4498-B368-E6BE149A8105}.Debug|ARM.Build.0 = Debug|ARM
		{BEA91F20-3B73-4498-B368-E6BE149A8105}.Debug|ARM.Deploy.0 = Debug|ARM
		{BEA91F20-3B73-4498-B368-E6BE149A8105}.Debug|iPhone.ActiveCfg = Debug|Any CPU
		{BEA91F20-3B73-4498-B368-E6BE149A8105}.Debug|iPhone.Build.0 = Debug|Any CPU
		{BEA91F20-3B73-4498-B368-E6BE149A8105}.Debug|iPhone.Deploy.0 = Debug|Any CPU
		{BEA91F20-3B73-4498-B368-E6BE149A8105}.Debug|iPhoneSimulator.ActiveCfg = Debug|Any CPU
		{BEA91F20-3B73-4498-B368-E6BE149A8105}.Debug|iPhoneSimulator.Build.0 = Debug|Any CPU
		{BEA91F20-3B73-4498-B368-E6BE149A8105}.Debug|iPhoneSimulator.Deploy.0 = Debug|Any CPU
		{BEA91F20-3B73-4498-B368-E6BE149A8105}.Debug|x64.ActiveCfg = Debug|x64
		{BEA91F20-3B73-4498-B368-E6BE149A8105}.Debug|x64.Build.0 = Debug|x64
		{BEA91F20-3B73-4498-B368-E6BE149A8105}.Debug|x64.Deploy.0 = Debug|x64
		{BEA91F20-3B73-4498-B368-E6BE149A8105}.Debug|x86.ActiveCfg = Debug|x86
		{BEA91F20-3B73-4498-B368-E6BE149A8105}.Debug|x86.Build.0 = Debug|x86
		{BEA91F20-3B73-4498-B368-E6BE149A8105}.Debug|x86.Deploy.0 = Debug|x86
		{BEA91F20-3B73-4498-B368-E6BE149A8105}.Release|Any CPU.ActiveCfg = Release|Any CPU
		{BEA91F20-3B73-4498-B368-E6BE149A8105}.Release|Any CPU.Build.0 = Release|Any CPU
		{BEA91F20-3B73-4498-B368-E6BE149A8105}.Release|Any CPU.Deploy.0 = Release|Any CPU
		{BEA91F20-3B73-4498-B368-E6BE149A8105}.Release|ARM.ActiveCfg = Release|ARM
		{BEA91F20-3B73-4498-B368-E6BE149A8105}.Release|ARM.Build.0 = Release|ARM
		{BEA91F20-3B73-4498-B368-E6BE149A8105}.Release|ARM.Deploy.0 = Release|ARM
		{BEA91F20-3B73-4498-B368-E6BE149A8105}.Release|iPhone.ActiveCfg = Release|Any CPU
		{BEA91F20-3B73-4498-B368-E6BE149A8105}.Release|iPhone.Build.0 = Release|Any CPU
		{BEA91F20-3B73-4498-B368-E6BE149A8105}.Release|iPhone.Deploy.0 = Release|Any CPU
		{BEA91F20-3B73-4498-B368-E6BE149A8105}.Release|iPhoneSimulator.ActiveCfg = Release|Any CPU
		{BEA91F20-3B73-4498-B368-E6BE149A8105}.Release|iPhoneSimulator.Build.0 = Release|Any CPU
		{BEA91F20-3B73-4498-B368-E6BE149A8105}.Release|iPhoneSimulator.Deploy.0 = Release|Any CPU
		{BEA91F20-3B73-4498-B368-E6BE149A8105}.Release|x64.ActiveCfg = Release|x64
		{BEA91F20-3B73-4498-B368-E6BE149A8105}.Release|x64.Build.0 = Release|x64
		{BEA91F20-3B73-4498-B368-E6BE149A8105}.Release|x64.Deploy.0 = Release|x64
		{BEA91F20-3B73-4498-B368-E6BE149A8105}.Release|x86.ActiveCfg = Release|x86
		{BEA91F20-3B73-4498-B368-E6BE149A8105}.Release|x86.Build.0 = Release|x86
		{BEA91F20-3B73-4498-B368-E6BE149A8105}.Release|x86.Deploy.0 = Release|x86
	EndGlobalSection
	GlobalSection(SolutionProperties) = preSolution
		HideSolutionNode = FALSE
	EndGlobalSection
EndGlobal
